
Microsoft Visual Studio Solution File, Format Version 12.00
# Visual Studio 14
VisualStudioVersion = 14.0.25420.1
MinimumVisualStudioVersion = 10.0.40219.1
Project("{FAE04EC0-301F-11D3-BF4B-00C04F79EFBC}") = "MyProject.Presentation", "MyProject\MyProject.Presentation.csproj", "{E9CE0A77-07DA-4330-A334-C66C52890305}"
EndProject
Project("{FAE04EC0-301F-11D3-BF4B-00C04F79EFBC}") = "MyProject.Repository.Interface", "MyProject.Repository.Interface\MyProject.Repository.Interface.csproj", "{FF6DA961-18D7-4ECE-A14E-BF0648AEC9D2}"
EndProject
Project("{FAE04EC0-301F-11D3-BF4B-00C04F79EFBC}") = "MyProject.Domain.Model.Mapping", "MyProject.Domain.Model.Mapping\MyProject.Domain.Model.Mapping.csproj", "{F9CDD639-C55C-4156-85AF-3666C119C5EF}"
EndProject
Project("{FAE04EC0-301F-11D3-BF4B-00C04F79EFBC}") = "MyProject.Domain.Model", "MyProject.Domain.Model\MyProject.Domain.Model.csproj", "{84E1D63C-01B9-4C4F-ABCC-6E4B1CE1B476}"
EndProject
Project("{FAE04EC0-301F-11D3-BF4B-00C04F79EFBC}") = "MyProject.Infrastructure", "MyProject.Infrastructure\MyProject.Infrastructure.csproj", "{88CE9210-FE7F-4DEE-AE51-2E0019B2E88F}"
EndProject
Project("{FAE04EC0-301F-11D3-BF4B-00C04F79EFBC}") = "MyProject.Repository", "MyProject.Repository\MyProject.Repository.csproj", "{17C2BA10-29F3-4C7E-976F-612B5EFC29D8}"
EndProject
Project("{FAE04EC0-301F-11D3-BF4B-00C04F79EFBC}") = "MyProject.Presentation.MVC", "MyProject.Presentation.MVC\MyProject.Presentation.MVC.csproj", "{35AB3147-2947-44B1-A920-9541530A642B}"
EndProject
Project("{FAE04EC0-301F-11D3-BF4B-00C04F79EFBC}") = "MyProject.Presentation.MVC.Tests", "MyProject.Presentation.MVC.Tests\MyProject.Presentation.MVC.Tests.csproj", "{16913863-2E4C-4071-9B4E-D45F7B096C4E}"
EndProject
Global
	GlobalSection(SolutionConfigurationPlatforms) = preSolution
		Debug|Any CPU = Debug|Any CPU
		Release|Any CPU = Release|Any CPU
	EndGlobalSection
	GlobalSection(ProjectConfigurationPlatforms) = postSolution
		{E9CE0A77-07DA-4330-A334-C66C52890305}.Debug|Any CPU.ActiveCfg = Debug|Any CPU
		{E9CE0A77-07DA-4330-A334-C66C52890305}.Debug|Any CPU.Build.0 = Debug|Any CPU
		{E9CE0A77-07DA-4330-A334-C66C52890305}.Release|Any CPU.ActiveCfg = Release|Any CPU
		{E9CE0A77-07DA-4330-A334-C66C52890305}.Release|Any CPU.Build.0 = Release|Any CPU
		{FF6DA961-18D7-4ECE-A14E-BF0648AEC9D2}.Debug|Any CPU.ActiveCfg = Debug|Any CPU
		{FF6DA961-18D7-4ECE-A14E-BF0648AEC9D2}.Debug|Any CPU.Build.0 = Debug|Any CPU
		{FF6DA961-18D7-4ECE-A14E-BF0648AEC9D2}.Release|Any CPU.ActiveCfg = Release|Any CPU
		{FF6DA961-18D7-4ECE-A14E-BF0648AEC9D2}.Release|Any CPU.Build.0 = Release|Any CPU
		{F9CDD639-C55C-4156-85AF-3666C119C5EF}.Debug|Any CPU.ActiveCfg = Debug|Any CPU
		{F9CDD639-C55C-4156-85AF-3666C119C5EF}.Debug|Any CPU.Build.0 = Debug|Any CPU
		{F9CDD639-C55C-4156-85AF-3666C119C5EF}.Release|Any CPU.ActiveCfg = Release|Any CPU
		{F9CDD639-C55C-4156-85AF-3666C119C5EF}.Release|Any CPU.Build.0 = Release|Any CPU
		{84E1D63C-01B9-4C4F-ABCC-6E4B1CE1B476}.Debug|Any CPU.ActiveCfg = Debug|Any CPU
		{84E1D63C-01B9-4C4F-ABCC-6E4B1CE1B476}.Debug|Any CPU.Build.0 = Debug|Any CPU
		{84E1D63C-01B9-4C4F-ABCC-6E4B1CE1B476}.Release|Any CPU.ActiveCfg = Release|Any CPU
		{84E1D63C-01B9-4C4F-ABCC-6E4B1CE1B476}.Release|Any CPU.Build.0 = Release|Any CPU
		{88CE9210-FE7F-4DEE-AE51-2E0019B2E88F}.Debug|Any CPU.ActiveCfg = Debug|Any CPU
		{88CE9210-FE7F-4DEE-AE51-2E0019B2E88F}.Debug|Any CPU.Build.0 = Debug|Any CPU
		{88CE9210-FE7F-4DEE-AE51-2E0019B2E88F}.Release|Any CPU.ActiveCfg = Release|Any CPU
		{88CE9210-FE7F-4DEE-AE51-2E0019B2E88F}.Release|Any CPU.Build.0 = Release|Any CPU
		{17C2BA10-29F3-4C7E-976F-612B5EFC29D8}.Debug|Any CPU.ActiveCfg = Debug|Any CPU
		{17C2BA10-29F3-4C7E-976F-612B5EFC29D8}.Debug|Any CPU.Build.0 = Debug|Any CPU
		{17C2BA10-29F3-4C7E-976F-612B5EFC29D8}.Release|Any CPU.ActiveCfg = Release|Any CPU
		{17C2BA10-29F3-4C7E-976F-612B5EFC29D8}.Release|Any CPU.Build.0 = Release|Any CPU
		{35AB3147-2947-44B1-A920-9541530A642B}.Debug|Any CPU.ActiveCfg = Debug|Any CPU
		{35AB3147-2947-44B1-A920-9541530A642B}.Debug|Any CPU.Build.0 = Debug|Any CPU
		{35AB3147-2947-44B1-A920-9541530A642B}.Release|Any CPU.ActiveCfg = Release|Any CPU
		{35AB3147-2947-44B1-A920-9541530A642B}.Release|Any CPU.Build.0 = Release|Any CPU
		{16913863-2E4C-4071-9B4E-D45F7B096C4E}.Debug|Any CPU.ActiveCfg = Debug|Any CPU
		{16913863-2E4C-4071-9B4E-D45F7B096C4E}.Debug|Any CPU.Build.0 = Debug|Any CPU
		{16913863-2E4C-4071-9B4E-D45F7B096C4E}.Release|Any CPU.ActiveCfg = Release|Any CPU
		{16913863-2E4C-4071-9B4E-D45F7B096C4E}.Release|Any CPU.Build.0 = Release|Any CPU
	EndGlobalSection
	GlobalSection(SolutionProperties) = preSolution
		HideSolutionNode = FALSE
	EndGlobalSection
EndGlobal
